
Microsoft Visual Studio Solution File, Format Version 12.00
# Visual Studio 14
VisualStudioVersion = 14.0.23107.0
MinimumVisualStudioVersion = 10.0.40219.1
Project("{FAE04EC0-301F-11D3-BF4B-00C04F79EFBC}") = "Wrapper", "Wrapper\Wrapper.csproj", "{C81E5366-69EA-4075-81C8-557647F7B251}"
EndProject
Project("{FAE04EC0-301F-11D3-BF4B-00C04F79EFBC}") = "WPFSudoku", "WPFSudoku\WPFSudoku.csproj", "{0F70A04E-A43C-4FDB-9582-6A39484585B7}"
EndProject
Project("{FAE04EC0-301F-11D3-BF4B-00C04F79EFBC}") = "MVCSudoku", "MVCSudoku\MVCSudoku.csproj", "{4A2A4A18-F9B5-4849-A6BC-74C340DBAD8F}"
EndProject
Global
	GlobalSection(SolutionConfigurationPlatforms) = preSolution
		Debug|Any CPU = Debug|Any CPU
		Release|Any CPU = Release|Any CPU
	EndGlobalSection
	GlobalSection(ProjectConfigurationPlatforms) = postSolution
		{C81E5366-69EA-4075-81C8-557647F7B251}.Debug|Any CPU.ActiveCfg = Debug|Any CPU
		{C81E5366-69EA-4075-81C8-557647F7B251}.Debug|Any CPU.Build.0 = Debug|Any CPU
		{C81E5366-69EA-4075-81C8-557647F7B251}.Release|Any CPU.ActiveCfg = Release|Any CPU
		{C81E5366-69EA-4075-81C8-557647F7B251}.Release|Any CPU.Build.0 = Release|Any CPU
		{0F70A04E-A43C-4FDB-9582-6A39484585B7}.Debug|Any CPU.ActiveCfg = Debug|Any CPU
		{0F70A04E-A43C-4FDB-9582-6A39484585B7}.Debug|Any CPU.Build.0 = Debug|Any CPU
		{0F70A04E-A43C-4FDB-9582-6A39484585B7}.Release|Any CPU.ActiveCfg = Release|Any CPU
		{0F70A04E-A43C-4FDB-9582-6A39484585B7}.Release|Any CPU.Build.0 = Release|Any CPU
		{4A2A4A18-F9B5-4849-A6BC-74C340DBAD8F}.Debug|Any CPU.ActiveCfg = Debug|Any CPU
		{4A2A4A18-F9B5-4849-A6BC-74C340DBAD8F}.Debug|Any CPU.Build.0 = Debug|Any CPU
		{4A2A4A18-F9B5-4849-A6BC-74C340DBAD8F}.Release|Any CPU.ActiveCfg = Release|Any CPU
		{4A2A4A18-F9B5-4849-A6BC-74C340DBAD8F}.Release|Any CPU.Build.0 = Release|Any CPU
	EndGlobalSection
	GlobalSection(SolutionProperties) = preSolution
		HideSolutionNode = FALSE
	EndGlobalSection
EndGlobal
